
Microsoft Visual Studio Solution File, Format Version 12.00
# Visual Studio Version 17
VisualStudioVersion = 17.8.34408.163
MinimumVisualStudioVersion = 10.0.40219.1
Project("{FAE04EC0-301F-11D3-BF4B-00C04F79EFBC}") = "VPBot", "VPBot.csproj", "{ACD3C666-9E62-4B61-B22E-CCF4131B84C4}"
EndProject
Global
	GlobalSection(SolutionConfigurationPlatforms) = preSolution
		Debug|Any CPU = Debug|Any CPU
		Release|Any CPU = Release|Any CPU
	EndGlobalSection
	GlobalSection(ProjectConfigurationPlatforms) = postSolution
		{ACD3C666-9E62-4B61-B22E-CCF4131B84C4}.Debug|Any CPU.ActiveCfg = Debug|Any CPU
		{ACD3C666-9E62-4B61-B22E-CCF4131B84C4}.Debug|Any CPU.Build.0 = Debug|Any CPU
		{ACD3C666-9E62-4B61-B22E-CCF4131B84C4}.Release|Any CPU.ActiveCfg = Release|Any CPU
		{ACD3C666-9E62-4B61-B22E-CCF4131B84C4}.Release|Any CPU.Build.0 = Release|Any CPU
	EndGlobalSection
	GlobalSection(SolutionProperties) = preSolution
		HideSolutionNode = FALSE
	EndGlobalSection
	GlobalSection(ExtensibilityGlobals) = postSolution
		SolutionGuid = {59C9598C-0A87-4EF9-9C70-4933CAD4C328}
	EndGlobalSection
EndGlobal
